
Microsoft Visual Studio Solution File, Format Version 12.00
# Visual Studio Version 17
VisualStudioVersion = 17.14.36908.2
MinimumVisualStudioVersion = 10.0.40219.1
Project("{FAE04EC0-301F-11D3-BF4B-00C04F79EFBC}") = "DfE.GetInformationAboutSchools.Prototyping.Core", "src\Core\DfE.GetInformationAboutSchools.Prototyping.Core.csproj", "{108E63A1-F5DC-60A5-5D2F-0AA9C14FB835}"
EndProject
Project("{FAE04EC0-301F-11D3-BF4B-00C04F79EFBC}") = "DfE.GetInformationAboutSchools.Prototyping.Infrastructure", "src\Infrastructure\DfE.GetInformationAboutSchools.Prototyping.Infrastructure.csproj", "{1F3B048E-6CB7-B58A-F324-DFD116EF276D}"
EndProject
Project("{FAE04EC0-301F-11D3-BF4B-00C04F79EFBC}") = "DfE.GetInformationAboutSchools.Prototyping.API", "src\API\DfE.GetInformationAboutSchools.Prototyping.API.csproj", "{AA5D9FEA-FD5F-2558-CE49-B218CCE9ADF1}"
EndProject
Project("{2150E333-8FDC-42A3-9474-1A3956D46DE8}") = "tests", "tests", "{02EA681E-C7D8-13C7-8484-4AC65E1B71E8}"
EndProject
Project("{2150E333-8FDC-42A3-9474-1A3956D46DE8}") = "Unit", "Unit", "{F8169140-9500-47FA-A3B8-E6D1BDBE8FAB}"
EndProject
Project("{FAE04EC0-301F-11D3-BF4B-00C04F79EFBC}") = "DfE.GetInformationAboutSchools.Prototyping.API.Tests", "tests\Unit\API\DfE.GetInformationAboutSchools.Prototyping.API.Tests.csproj", "{9FA6D728-5A7C-AEA6-AD0C-CB96DDBE1F27}"
EndProject
Project("{FAE04EC0-301F-11D3-BF4B-00C04F79EFBC}") = "DfE.GetInformationAboutSchools.Prototyping.Core.Tests", "tests\Unit\Core\DfE.GetInformationAboutSchools.Prototyping.Core.Tests.csproj", "{652CA1F3-6CF3-544F-B3F6-C4EEC821BB8B}"
EndProject
Project("{FAE04EC0-301F-11D3-BF4B-00C04F79EFBC}") = "DfE.GetInformationAboutSchools.Prototyping.Infra.Tests", "tests\Unit\Infrastructure\DfE.GetInformationAboutSchools.Prototyping.Infra.Tests.csproj", "{53E92001-B94C-FF6D-147C-4781A5467966}"
EndProject
Global
	GlobalSection(SolutionConfigurationPlatforms) = preSolution
		Debug|Any CPU = Debug|Any CPU
		Release|Any CPU = Release|Any CPU
	EndGlobalSection
	GlobalSection(ProjectConfigurationPlatforms) = postSolution
		{108E63A1-F5DC-60A5-5D2F-0AA9C14FB835}.Debug|Any CPU.ActiveCfg = Debug|Any CPU
		{108E63A1-F5DC-60A5-5D2F-0AA9C14FB835}.Debug|Any CPU.Build.0 = Debug|Any CPU
		{108E63A1-F5DC-60A5-5D2F-0AA9C14FB835}.Release|Any CPU.ActiveCfg = Release|Any CPU
		{108E63A1-F5DC-60A5-5D2F-0AA9C14FB835}.Release|Any CPU.Build.0 = Release|Any CPU
		{1F3B048E-6CB7-B58A-F324-DFD116EF276D}.Debug|Any CPU.ActiveCfg = Debug|Any CPU
		{1F3B048E-6CB7-B58A-F324-DFD116EF276D}.Debug|Any CPU.Build.0 = Debug|Any CPU
		{1F3B048E-6CB7-B58A-F324-DFD116EF276D}.Release|Any CPU.ActiveCfg = Release|Any CPU
		{1F3B048E-6CB7-B58A-F324-DFD116EF276D}.Release|Any CPU.Build.0 = Release|Any CPU
		{AA5D9FEA-FD5F-2558-CE49-B218CCE9ADF1}.Debug|Any CPU.ActiveCfg = Debug|Any CPU
		{AA5D9FEA-FD5F-2558-CE49-B218CCE9ADF1}.Debug|Any CPU.Build.0 = Debug|Any CPU
		{AA5D9FEA-FD5F-2558-CE49-B218CCE9ADF1}.Release|Any CPU.ActiveCfg = Release|Any CPU
		{AA5D9FEA-FD5F-2558-CE49-B218CCE9ADF1}.Release|Any CPU.Build.0 = Release|Any CPU
		{9FA6D728-5A7C-AEA6-AD0C-CB96DDBE1F27}.Debug|Any CPU.ActiveCfg = Debug|Any CPU
		{9FA6D728-5A7C-AEA6-AD0C-CB96DDBE1F27}.Debug|Any CPU.Build.0 = Debug|Any CPU
		{9FA6D728-5A7C-AEA6-AD0C-CB96DDBE1F27}.Release|Any CPU.ActiveCfg = Release|Any CPU
		{9FA6D728-5A7C-AEA6-AD0C-CB96DDBE1F27}.Release|Any CPU.Build.0 = Release|Any CPU
		{652CA1F3-6CF3-544F-B3F6-C4EEC821BB8B}.Debug|Any CPU.ActiveCfg = Debug|Any CPU
		{652CA1F3-6CF3-544F-B3F6-C4EEC821BB8B}.Debug|Any CPU.Build.0 = Debug|Any CPU
		{652CA1F3-6CF3-544F-B3F6-C4EEC821BB8B}.Release|Any CPU.ActiveCfg = Release|Any CPU
		{652CA1F3-6CF3-544F-B3F6-C4EEC821BB8B}.Release|Any CPU.Build.0 = Release|Any CPU
		{53E92001-B94C-FF6D-147C-4781A5467966}.Debug|Any CPU.ActiveCfg = Debug|Any CPU
		{53E92001-B94C-FF6D-147C-4781A5467966}.Debug|Any CPU.Build.0 = Debug|Any CPU
		{53E92001-B94C-FF6D-147C-4781A5467966}.Release|Any CPU.ActiveCfg = Release|Any CPU
		{53E92001-B94C-FF6D-147C-4781A5467966}.Release|Any CPU.Build.0 = Release|Any CPU
	EndGlobalSection
	GlobalSection(SolutionProperties) = preSolution
		HideSolutionNode = FALSE
	EndGlobalSection
	GlobalSection(NestedProjects) = preSolution
		{F8169140-9500-47FA-A3B8-E6D1BDBE8FAB} = {02EA681E-C7D8-13C7-8484-4AC65E1B71E8}
		{9FA6D728-5A7C-AEA6-AD0C-CB96DDBE1F27} = {F8169140-9500-47FA-A3B8-E6D1BDBE8FAB}
		{652CA1F3-6CF3-544F-B3F6-C4EEC821BB8B} = {F8169140-9500-47FA-A3B8-E6D1BDBE8FAB}
		{53E92001-B94C-FF6D-147C-4781A5467966} = {F8169140-9500-47FA-A3B8-E6D1BDBE8FAB}
	EndGlobalSection
	GlobalSection(ExtensibilityGlobals) = postSolution
		SolutionGuid = {2BBAF8BA-DBB7-498C-A59D-1B661497C4EC}
	EndGlobalSection
EndGlobal
